<?xml version="1.0" encoding="utf-8"?>
<Project ToolsVersion="4.0" xmlns="http://schemas.microsoft.com/developer/msbuild/2003">
  <ItemGroup>
    <Filter Include="Source Files">
      <UniqueIdentifier>{4FC737F1-C7A5-4376-A066-2A32D752A2FF}</UniqueIdentifier>
      <Extensions>cpp;c;cc;cxx;def;odl;idl;hpj;bat;asm;asmx</Extensions>
    </Filter>
    <Filter Include="Header Files">
      <UniqueIdentifier>{93995380-89BD-4b04-88EB-625FBE52EBFB}</UniqueIdentifier>
      <Extensions>h;hpp;hxx;hm;inl;inc;xsd</Extensions>
    </Filter>
    <Filter Include="Resource Files">
      <UniqueIdentifier>{67DA6AB6-F800-4c08-8B7A-83BB121AAD01}</UniqueIdentifier>
      <Extensions>rc;ico;cur;bmp;dlg;rc2;rct;bin;rgs;gif;jpg;jpeg;jpe;resx;tiff;tif;png;wav</Extensions>
    </Filter>
  </ItemGroup>
  <ItemGroup>
    <ClCompile Include="AssemblyInfo.cpp">
      <Filter>Source Files</Filter>
    </ClCompile>
    <ClCompile Include="..\AVIMux_GUI\AudioSource_AAC.cpp">
      <Filter>Source Files</Filter>
    </ClCompile>
    <ClCompile Include="..\AVIMux_GUI\AudioSource_AC3.cpp">
      <Filter>Source Files</Filter>
    </ClCompile>
    <ClCompile Include="..\AVIMux_GUI\AudioSource_binary.cpp">
      <Filter>Source Files</Filter>
    </ClCompile>
    <ClCompile Include="..\AVIMux_GUI\AudioSource_DTS.cpp">
      <Filter>Source Files</Filter>
    </ClCompile>
    <ClCompile Include="..\AVIMux_GUI\AudioSource_generic.cpp">
      <Filter>Source Files</Filter>
    </ClCompile>
    <ClCompile Include="..\AVIMux_GUI\AVIFile.cpp">
      <Filter>Source Files</Filter>
    </ClCompile>
    <ClCompile Include="..\AVIMux_GUI\AVIIndices.cpp">
      <Filter>Source Files</Filter>
    </ClCompile>
    <ClCompile Include="AVIMux_GUI.Test.cpp">
      <Filter>Source Files</Filter>
    </ClCompile>
    <ClCompile Include="..\basestreams.cpp">
      <Filter>Source Files</Filter>
    </ClCompile>
    <ClCompile Include="..\Bitstream.cpp">
      <Filter>Source Files</Filter>
    </ClCompile>
    <ClCompile Include="..\BitStreamFactory.cpp">
      <Filter>Source Files</Filter>
    </ClCompile>
    <ClCompile Include="..\Compression.cpp">
      <Filter>Source Files</Filter>
    </ClCompile>
    <ClCompile Include="..\AVIMux_GUI\Debug.cpp">
      <Filter>Source Files</Filter>
    </ClCompile>
    <ClCompile Include="..\Filestream.cpp">
      <Filter>Source Files</Filter>
    </ClCompile>
    <ClCompile Include="..\..\common\FormatInt64.cpp">
      <Filter>Source Files</Filter>
    </ClCompile>
    <ClCompile Include="..\..\common\FormatTime.cpp">
      <Filter>Source Files</Filter>
    </ClCompile>
    <ClCompile Include="..\IBitStream.cpp">
      <Filter>Source Files</Filter>
    </ClCompile>
    <ClCompile Include="..\multimedia_source.cpp">
      <Filter>Source Files</Filter>
    </ClCompile>
    <ClCompile Include="..\AVIMux_GUI\RIFFFile.cpp">
      <Filter>Source Files</Filter>
    </ClCompile>
    <ClCompile Include="..\AVIMux_GUI\Silence.cpp">
      <Filter>Source Files</Filter>
    </ClCompile>
    <ClCompile Include="Stdafx.cpp">
      <Filter>Source Files</Filter>
    </ClCompile>
    <ClCompile Include="..\..\common\Stream.cpp">
      <Filter>Source Files</Filter>
    </ClCompile>
    <ClCompile Include="..\..\common\TextFiles.cpp">
      <Filter>Source Files</Filter>
    </ClCompile>
    <ClCompile Include="..\TitleSet.cpp">
      <Filter>Source Files</Filter>
    </ClCompile>
    <ClCompile Include="..\..\common\TraceFiles\Tracefile.cpp">
      <Filter>Source Files</Filter>
    </ClCompile>
    <ClCompile Include="..\..\common\utf-8.cpp">
      <Filter>Source Files</Filter>
    </ClCompile>
  </ItemGroup>
  <ItemGroup>
    <ClInclude Include="AudioSource_AAC.Test.h">
      <Filter>Header Files</Filter>
    </ClInclude>
    <ClInclude Include="AudioSource_AC3.Test.h">
      <Filter>Header Files</Filter>
    </ClInclude>
    <ClInclude Include="AudioSource_DTS.Test.h">
      <Filter>Header Files</Filter>
    </ClInclude>
    <ClInclude Include="AVIMux_GUI.Test.h">
      <Filter>Header Files</Filter>
    </ClInclude>
    <ClInclude Include="resource.h">
      <Filter>Header Files</Filter>
    </ClInclude>
    <ClInclude Include="Stdafx.h">
      <Filter>Header Files</Filter>
    </ClInclude>
  </ItemGroup>
  <ItemGroup>
    <None Include="app.ico">
      <Filter>Resource Files</Filter>
    </None>
    <None Include="ReadMe.txt" />
  </ItemGroup>
  <ItemGroup>
    <ResourceCompile Include="app.rc">
      <Filter>Resource Files</Filter>
    </ResourceCompile>
  </ItemGroup>
</Project>