<?xml version="1.0" encoding="utf-8"?>
<Project ToolsVersion="4.0" xmlns="http://schemas.microsoft.com/developer/msbuild/2003">
  <ItemGroup>
    <Filter Include="Quellcodedateien">
      <UniqueIdentifier>{7702510a-134f-420f-aa63-e85b2d2ff478}</UniqueIdentifier>
      <Extensions>cpp;c;cxx;rc;def;r;odl;idl;hpj;bat</Extensions>
    </Filter>
    <Filter Include="Quellcodedateien\Audio - Source - Code">
      <UniqueIdentifier>{a0cd04ec-e61f-4ef4-a3d3-f903a259ed95}</UniqueIdentifier>
      <Extensions>cpp</Extensions>
    </Filter>
    <Filter Include="Quellcodedateien\Video - Source - Code">
      <UniqueIdentifier>{994af755-8e59-4194-a721-ab6248ac6987}</UniqueIdentifier>
      <Extensions>cpp</Extensions>
    </Filter>
    <Filter Include="Quellcodedateien\Edit - Field - Code">
      <UniqueIdentifier>{87f8373a-fbbb-43cc-b50f-e5a3516ba1bc}</UniqueIdentifier>
      <Extensions>cpp</Extensions>
    </Filter>
    <Filter Include="Quellcodedateien\AVI - Stuff">
      <UniqueIdentifier>{c170fc91-4caf-4e6a-b4f0-767a39c61a05}</UniqueIdentifier>
    </Filter>
    <Filter Include="Quellcodedateien\Matroska - Code">
      <UniqueIdentifier>{7cae2b15-27ed-4a96-b37b-b30df7a94849}</UniqueIdentifier>
      <Extensions>cpp</Extensions>
    </Filter>
    <Filter Include="Header-Dateien">
      <UniqueIdentifier>{22589f0f-627d-4d21-a487-8e46b9ac687c}</UniqueIdentifier>
      <Extensions>h;hpp;hxx;hm;inl</Extensions>
    </Filter>
    <Filter Include="Header-Dateien\Audio - Source - Headers">
      <UniqueIdentifier>{0329986b-5534-4e7a-b806-3432314150cf}</UniqueIdentifier>
      <Extensions>h</Extensions>
    </Filter>
    <Filter Include="Header-Dateien\Video - Source - Headers">
      <UniqueIdentifier>{3b87b03a-1cf6-4aa0-b52b-9bf92384a7f8}</UniqueIdentifier>
      <Extensions>h</Extensions>
    </Filter>
    <Filter Include="Header-Dateien\Edit - Field - Headers">
      <UniqueIdentifier>{aacd94f1-d72b-450b-8400-3137f6b81109}</UniqueIdentifier>
      <Extensions>h</Extensions>
    </Filter>
    <Filter Include="Header-Dateien\AVI - Stuff - Headers">
      <UniqueIdentifier>{16d050aa-d678-4f40-a29c-311d9495f014}</UniqueIdentifier>
    </Filter>
    <Filter Include="Header-Dateien\Matroska - Header">
      <UniqueIdentifier>{9442031f-cfde-491f-9421-6dc6dead2aa0}</UniqueIdentifier>
      <Extensions>h</Extensions>
    </Filter>
    <Filter Include="Ressourcendateien">
      <UniqueIdentifier>{3d1e0239-3d7d-4d56-914f-4860d1229472}</UniqueIdentifier>
      <Extensions>ico;cur;bmp;dlg;rc2;rct;bin;rgs;gif;jpg;jpeg;jpe</Extensions>
    </Filter>
  </ItemGroup>
  <ItemGroup>
    <ClCompile Include="AttachedWindows.cpp">
      <Filter>Quellcodedateien</Filter>
    </ClCompile>
    <ClCompile Include="AudioSourceTree.cpp">
      <Filter>Quellcodedateien</Filter>
    </ClCompile>
    <ClCompile Include="AVIMux_GUI.cpp">
      <Filter>Quellcodedateien</Filter>
    </ClCompile>
    <ClCompile Include="AVIMux_GUIDlg.cpp">
      <Filter>Quellcodedateien</Filter>
    </ClCompile>
    <ClCompile Include="AVIMux_GUIDlg_AddFile.cpp">
      <Filter>Quellcodedateien</Filter>
    </ClCompile>
    <ClCompile Include="AVIMux_GUIDlg_AddFileList.cpp">
      <Filter>Quellcodedateien</Filter>
    </ClCompile>
    <ClCompile Include="AVIMux_GUIDlg_MainWindowStates.cpp">
      <Filter>Quellcodedateien</Filter>
    </ClCompile>
    <ClCompile Include="AVIMux_GUIDlg_OnInitDialog.cpp">
      <Filter>Quellcodedateien</Filter>
    </ClCompile>
    <ClCompile Include="AVIMux_GUIDlg_UsedFilesDisplayFlags.cpp">
      <Filter>Quellcodedateien</Filter>
    </ClCompile>
    <ClCompile Include="..\basestreams.cpp">
      <Filter>Quellcodedateien</Filter>
    </ClCompile>
    <ClCompile Include="..\Bitstream.cpp">
      <Filter>Quellcodedateien</Filter>
    </ClCompile>
    <ClCompile Include="..\BitStreamFactory.cpp">
      <Filter>Quellcodedateien</Filter>
    </ClCompile>
    <ClCompile Include="..\Buffers.cpp">
      <Filter>Quellcodedateien</Filter>
    </ClCompile>
    <ClCompile Include="..\Cache.cpp">
      <Filter>Quellcodedateien</Filter>
    </ClCompile>
    <ClCompile Include="ChapterDlg.cpp">
      <Filter>Quellcodedateien</Filter>
    </ClCompile>
    <ClCompile Include="ChapterDlgList.cpp">
      <Filter>Quellcodedateien</Filter>
    </ClCompile>
    <ClCompile Include="ChapterDlgTree.cpp">
      <Filter>Quellcodedateien</Filter>
    </ClCompile>
    <ClCompile Include="..\Chapters.cpp">
      <Filter>Quellcodedateien</Filter>
    </ClCompile>
    <ClCompile Include="..\Compression.cpp">
      <Filter>Quellcodedateien</Filter>
    </ClCompile>
    <ClCompile Include="ConfigScripts.cpp">
      <Filter>Quellcodedateien</Filter>
    </ClCompile>
    <ClCompile Include="..\CRC.cpp">
      <Filter>Quellcodedateien</Filter>
    </ClCompile>
    <ClCompile Include="Debug.cpp">
      <Filter>Quellcodedateien</Filter>
    </ClCompile>
    <ClCompile Include="..\DynArray.cpp">
      <Filter>Quellcodedateien</Filter>
    </ClCompile>
    <ClCompile Include="EBMLTree.cpp">
      <Filter>Quellcodedateien</Filter>
    </ClCompile>
    <ClCompile Include="EBMLTreeDlg.cpp">
      <Filter>Quellcodedateien</Filter>
    </ClCompile>
    <ClCompile Include="edc_ecc.cpp">
      <Filter>Quellcodedateien</Filter>
    </ClCompile>
    <ClCompile Include="EnhancedListBox.cpp">
      <Filter>Quellcodedateien</Filter>
    </ClCompile>
    <ClCompile Include="FileDialogs.cpp">
      <Filter>Quellcodedateien</Filter>
    </ClCompile>
    <ClCompile Include="..\Filenames.cpp">
      <Filter>Quellcodedateien</Filter>
    </ClCompile>
    <ClCompile Include="..\Filestream.cpp">
      <Filter>Quellcodedateien</Filter>
    </ClCompile>
    <ClCompile Include="FillASIs.cpp">
      <Filter>Quellcodedateien</Filter>
    </ClCompile>
    <ClCompile Include="fopenutf8.cpp">
      <Filter>Quellcodedateien</Filter>
    </ClCompile>
    <ClCompile Include="..\FormatInt64.cpp">
      <Filter>Quellcodedateien</Filter>
    </ClCompile>
    <ClCompile Include="FormatText.cpp">
      <Filter>Quellcodedateien</Filter>
    </ClCompile>
    <ClCompile Include="..\FormatTime.cpp">
      <Filter>Quellcodedateien</Filter>
    </ClCompile>
    <ClCompile Include="Global.cpp">
      <Filter>Quellcodedateien</Filter>
    </ClCompile>
    <ClCompile Include="HexViewListBox.cpp">
      <Filter>Quellcodedateien</Filter>
    </ClCompile>
    <ClCompile Include="..\..\common\HighPrecisionTimer.cpp">
      <Filter>Quellcodedateien</Filter>
    </ClCompile>
    <ClCompile Include="..\IBitStream.cpp">
      <Filter>Quellcodedateien</Filter>
    </ClCompile>
    <ClCompile Include="LanguageCodes.cpp">
      <Filter>Quellcodedateien</Filter>
    </ClCompile>
    <ClCompile Include="Languages.cpp">
      <Filter>Quellcodedateien</Filter>
    </ClCompile>
    <ClCompile Include="MessageBoxHelper.cpp">
      <Filter>Quellcodedateien</Filter>
    </ClCompile>
    <ClCompile Include="MessageLists.cpp">
      <Filter>Quellcodedateien</Filter>
    </ClCompile>
    <ClCompile Include="Mode2Form2Reader.cpp">
      <Filter>Quellcodedateien</Filter>
    </ClCompile>
    <ClCompile Include="..\multimedia_source.cpp">
      <Filter>Quellcodedateien</Filter>
    </ClCompile>
    <ClCompile Include="Muxing.cpp">
      <Filter>Quellcodedateien</Filter>
    </ClCompile>
    <ClCompile Include="OGGFile.cpp">
      <Filter>Quellcodedateien</Filter>
    </ClCompile>
    <ClCompile Include="..\..\common\controls\OSSpecific.cpp">
      <Filter>Quellcodedateien</Filter>
    </ClCompile>
    <ClCompile Include="OSVersion.cpp">
      <Filter>Quellcodedateien</Filter>
    </ClCompile>
    <ClCompile Include="ProgressList.cpp">
      <Filter>Quellcodedateien</Filter>
    </ClCompile>
    <ClCompile Include="ProtocolListCtrl.cpp">
      <Filter>Quellcodedateien</Filter>
    </ClCompile>
    <ClCompile Include="ResizeableDialog.cpp">
      <Filter>Quellcodedateien</Filter>
    </ClCompile>
    <ClCompile Include="RIFFChunkTreeDlg.cpp">
      <Filter>Quellcodedateien</Filter>
    </ClCompile>
    <ClCompile Include="RIFFFile.cpp">
      <Filter>Quellcodedateien</Filter>
    </ClCompile>
    <ClCompile Include="SetFramerateDlg.cpp">
      <Filter>Quellcodedateien</Filter>
    </ClCompile>
    <ClCompile Include="SetMainAVIHeaderFlagsDlg.cpp">
      <Filter>Quellcodedateien</Filter>
    </ClCompile>
    <ClCompile Include="SetStoreFileOptionsDlg.cpp">
      <Filter>Quellcodedateien</Filter>
    </ClCompile>
    <ClCompile Include="Silence.cpp">
      <Filter>Quellcodedateien</Filter>
    </ClCompile>
    <ClCompile Include="SourceFileListBox.cpp">
      <Filter>Quellcodedateien</Filter>
    </ClCompile>
    <ClCompile Include="SplitPointList.cpp">
      <Filter>Quellcodedateien</Filter>
    </ClCompile>
    <ClCompile Include="SplitPointsDlg.cpp">
      <Filter>Quellcodedateien</Filter>
    </ClCompile>
    <ClCompile Include="StdAfx.cpp">
      <Filter>Quellcodedateien</Filter>
    </ClCompile>
    <ClCompile Include="..\..\Common\Stream.cpp">
      <Filter>Quellcodedateien</Filter>
    </ClCompile>
    <ClCompile Include="..\Strings.cpp">
      <Filter>Quellcodedateien</Filter>
    </ClCompile>
    <ClCompile Include="SubTitles.cpp">
      <Filter>Quellcodedateien</Filter>
    </ClCompile>
    <ClCompile Include="TABHandler.cpp">
      <Filter>Quellcodedateien</Filter>
    </ClCompile>
    <ClCompile Include="..\Tags.cpp">
      <Filter>Quellcodedateien</Filter>
    </ClCompile>
    <ClCompile Include="..\..\Common\TextFiles.cpp">
      <Filter>Quellcodedateien</Filter>
    </ClCompile>
    <ClCompile Include="..\TitleSet.cpp">
      <Filter>Quellcodedateien</Filter>
    </ClCompile>
    <ClCompile Include="..\..\common\TraceFiles\Tracefile.cpp">
      <Filter>Quellcodedateien</Filter>
    </ClCompile>
    <ClCompile Include="TransformFilter.cpp">
      <Filter>Quellcodedateien</Filter>
    </ClCompile>
    <ClCompile Include="Trees.cpp">
      <Filter>Quellcodedateien</Filter>
    </ClCompile>
    <ClCompile Include="UnicodeBase.cpp">
      <Filter>Quellcodedateien</Filter>
    </ClCompile>
    <ClCompile Include="..\UnicodeCalls.cpp">
      <Filter>Quellcodedateien</Filter>
    </ClCompile>
    <ClCompile Include="UnicodeListControl.cpp">
      <Filter>Quellcodedateien</Filter>
    </ClCompile>
    <ClCompile Include="UnicodeTreeCtrl.cpp">
      <Filter>Quellcodedateien</Filter>
    </ClCompile>
    <ClCompile Include="..\..\Common\utf-8.cpp">
      <Filter>Quellcodedateien</Filter>
    </ClCompile>
    <ClCompile Include="UTF8Windows.cpp">
      <Filter>Quellcodedateien</Filter>
    </ClCompile>
    <ClCompile Include="Version.cpp">
      <Filter>Quellcodedateien</Filter>
    </ClCompile>
    <ClCompile Include="VideoInformationDlg.cpp">
      <Filter>Quellcodedateien</Filter>
    </ClCompile>
    <ClCompile Include="VideoInformationDlgListbox.cpp">
      <Filter>Quellcodedateien</Filter>
    </ClCompile>
    <ClCompile Include="WAVFile.cpp">
      <Filter>Quellcodedateien</Filter>
    </ClCompile>
    <ClCompile Include="..\XML.CPP">
      <Filter>Quellcodedateien</Filter>
    </ClCompile>
    <ClCompile Include="XMLFiles.cpp">
      <Filter>Quellcodedateien</Filter>
    </ClCompile>
    <ClCompile Include="AudioSource.cpp">
      <Filter>Quellcodedateien\Audio - Source - Code</Filter>
    </ClCompile>
    <ClCompile Include="AudioSource_AAC.cpp">
      <Filter>Quellcodedateien\Audio - Source - Code</Filter>
    </ClCompile>
    <ClCompile Include="AudioSource_AC3.cpp">
      <Filter>Quellcodedateien\Audio - Source - Code</Filter>
    </ClCompile>
    <ClCompile Include="AudioSource_AVI.cpp">
      <Filter>Quellcodedateien\Audio - Source - Code</Filter>
    </ClCompile>
    <ClCompile Include="AudioSource_binary.cpp">
      <Filter>Quellcodedateien\Audio - Source - Code</Filter>
    </ClCompile>
    <ClCompile Include="AudioSource_DTS.cpp">
      <Filter>Quellcodedateien\Audio - Source - Code</Filter>
    </ClCompile>
    <ClCompile Include="AudioSource_generic.cpp">
      <Filter>Quellcodedateien\Audio - Source - Code</Filter>
    </ClCompile>
    <ClCompile Include="AudioSource_List.cpp">
      <Filter>Quellcodedateien\Audio - Source - Code</Filter>
    </ClCompile>
    <ClCompile Include="AudioSource_Matroska.cpp">
      <Filter>Quellcodedateien\Audio - Source - Code</Filter>
    </ClCompile>
    <ClCompile Include="AudioSource_MP3.cpp">
      <Filter>Quellcodedateien\Audio - Source - Code</Filter>
    </ClCompile>
    <ClCompile Include="AudioSource_Vorbis.cpp">
      <Filter>Quellcodedateien\Audio - Source - Code</Filter>
    </ClCompile>
    <ClCompile Include="AudioSource_WAV.cpp">
      <Filter>Quellcodedateien\Audio - Source - Code</Filter>
    </ClCompile>
    <ClCompile Include="VideoSource_AVI.cpp">
      <Filter>Quellcodedateien\Video - Source - Code</Filter>
    </ClCompile>
    <ClCompile Include="VideoSource_generic.cpp">
      <Filter>Quellcodedateien\Video - Source - Code</Filter>
    </ClCompile>
    <ClCompile Include="VideoSource_List.cpp">
      <Filter>Quellcodedateien\Video - Source - Code</Filter>
    </ClCompile>
    <ClCompile Include="VideoSource_Matroska.cpp">
      <Filter>Quellcodedateien\Video - Source - Code</Filter>
    </ClCompile>
    <ClCompile Include="AC3FrameCountEdit.cpp">
      <Filter>Quellcodedateien\Edit - Field - Code</Filter>
    </ClCompile>
    <ClCompile Include="AddSplitPointDlg.cpp">
      <Filter>Quellcodedateien\Edit - Field - Code</Filter>
    </ClCompile>
    <ClCompile Include="ChapterSegmentUIDEdit.cpp">
      <Filter>Quellcodedateien\Edit - Field - Code</Filter>
    </ClCompile>
    <ClCompile Include="ClusterTimeEdit.cpp">
      <Filter>Quellcodedateien\Edit - Field - Code</Filter>
    </ClCompile>
    <ClCompile Include="MKVAC3FrameCountEdit.cpp">
      <Filter>Quellcodedateien\Edit - Field - Code</Filter>
    </ClCompile>
    <ClCompile Include="MKVHeaderSizeEdit.cpp">
      <Filter>Quellcodedateien\Edit - Field - Code</Filter>
    </ClCompile>
    <ClCompile Include="ResolutionEdit.cpp">
      <Filter>Quellcodedateien\Edit - Field - Code</Filter>
    </ClCompile>
    <ClCompile Include="UserDrawEdit.cpp">
      <Filter>Quellcodedateien\Edit - Field - Code</Filter>
    </ClCompile>
    <ClCompile Include="VerifyEdit.cpp">
      <Filter>Quellcodedateien\Edit - Field - Code</Filter>
    </ClCompile>
    <ClCompile Include="AVIFile.cpp">
      <Filter>Quellcodedateien\AVI - Stuff</Filter>
    </ClCompile>
    <ClCompile Include="AVIIndices.cpp">
      <Filter>Quellcodedateien\AVI - Stuff</Filter>
    </ClCompile>
    <ClCompile Include="AVIStream.cpp">
      <Filter>Quellcodedateien\AVI - Stuff</Filter>
    </ClCompile>
    <ClCompile Include="..\EBML.CPP">
      <Filter>Quellcodedateien\Matroska - Code</Filter>
    </ClCompile>
    <ClCompile Include="..\EBML_matroska.cpp">
      <Filter>Quellcodedateien\Matroska - Code</Filter>
    </ClCompile>
    <ClCompile Include="..\Integers.cpp">
      <Filter>Quellcodedateien\Matroska - Code</Filter>
    </ClCompile>
    <ClCompile Include="..\Matroska.cpp">
      <Filter>Quellcodedateien\Matroska - Code</Filter>
    </ClCompile>
    <ClCompile Include="..\Matroska_Block.cpp">
      <Filter>Quellcodedateien\Matroska - Code</Filter>
    </ClCompile>
    <ClCompile Include="..\Matroska_Clusters.cpp">
      <Filter>Quellcodedateien\Matroska - Code</Filter>
    </ClCompile>
    <ClCompile Include="..\Matroska_Segment.cpp">
      <Filter>Quellcodedateien\Matroska - Code</Filter>
    </ClCompile>
    <ClCompile Include="..\Matroska_Writing.cpp">
      <Filter>Quellcodedateien\Matroska - Code</Filter>
    </ClCompile>
    <ClCompile Include="..\Queue.cpp">
      <Filter>Quellcodedateien\Matroska - Code</Filter>
    </ClCompile>
    <ClCompile Include="..\UID.cpp">
      <Filter>Quellcodedateien\Matroska - Code</Filter>
    </ClCompile>
    <ClCompile Include="..\Warnings.cpp">
      <Filter>Quellcodedateien\Matroska - Code</Filter>
    </ClCompile>
  </ItemGroup>
  <ItemGroup>
    <ResourceCompile Include="AVIMux_GUI.rc">
      <Filter>Quellcodedateien</Filter>
    </ResourceCompile>
  </ItemGroup>
  <ItemGroup>
    <ClInclude Include="TreeItemDeleter.h">
      <Filter>Quellcodedateien</Filter>
    </ClInclude>
    <ClInclude Include="AddSplitPointDlg.h">
      <Filter>Header-Dateien</Filter>
    </ClInclude>
    <ClInclude Include="..\Assert.h">
      <Filter>Header-Dateien</Filter>
    </ClInclude>
    <ClInclude Include="AttachedWindows.h">
      <Filter>Header-Dateien</Filter>
    </ClInclude>
    <ClInclude Include="AudioSourceTree.h">
      <Filter>Header-Dateien</Filter>
    </ClInclude>
    <ClInclude Include="AVIMux_GUI.h">
      <Filter>Header-Dateien</Filter>
    </ClInclude>
    <ClInclude Include="AVIMux_GUIDlg.h">
      <Filter>Header-Dateien</Filter>
    </ClInclude>
    <ClInclude Include="..\BaseStreams.h">
      <Filter>Header-Dateien</Filter>
    </ClInclude>
    <ClInclude Include="..\Bitstream.h">
      <Filter>Header-Dateien</Filter>
    </ClInclude>
    <ClInclude Include="..\BitStreamFactory.h">
      <Filter>Header-Dateien</Filter>
    </ClInclude>
    <ClInclude Include="..\Buffers.h">
      <Filter>Header-Dateien</Filter>
    </ClInclude>
    <ClInclude Include="..\Cache.h">
      <Filter>Header-Dateien</Filter>
    </ClInclude>
    <ClInclude Include="ChapterDlg.h">
      <Filter>Header-Dateien</Filter>
    </ClInclude>
    <ClInclude Include="ChapterDlgList.h">
      <Filter>Header-Dateien</Filter>
    </ClInclude>
    <ClInclude Include="ChapterDlgTree.h">
      <Filter>Header-Dateien</Filter>
    </ClInclude>
    <ClInclude Include="..\Chapters.h">
      <Filter>Header-Dateien</Filter>
    </ClInclude>
    <ClInclude Include="..\Compression.h">
      <Filter>Header-Dateien</Filter>
    </ClInclude>
    <ClInclude Include="ConfigScripts.h">
      <Filter>Header-Dateien</Filter>
    </ClInclude>
    <ClInclude Include="..\CRC.h">
      <Filter>Header-Dateien</Filter>
    </ClInclude>
    <ClInclude Include="Debug.h">
      <Filter>Header-Dateien</Filter>
    </ClInclude>
    <ClInclude Include="DynArray.h">
      <Filter>Header-Dateien</Filter>
    </ClInclude>
    <ClInclude Include="EBMLTree.h">
      <Filter>Header-Dateien</Filter>
    </ClInclude>
    <ClInclude Include="EBMLTreeDlg.h">
      <Filter>Header-Dateien</Filter>
    </ClInclude>
    <ClInclude Include="ecc.h">
      <Filter>Header-Dateien</Filter>
    </ClInclude>
    <ClInclude Include="EnhancedListBox.h">
      <Filter>Header-Dateien</Filter>
    </ClInclude>
    <ClInclude Include="Exceptions.h">
      <Filter>Header-Dateien</Filter>
    </ClInclude>
    <ClInclude Include="FILE_INFO.h">
      <Filter>Header-Dateien</Filter>
    </ClInclude>
    <ClInclude Include="FileDialogs.h">
      <Filter>Header-Dateien</Filter>
    </ClInclude>
    <ClInclude Include="..\Filenames.h">
      <Filter>Header-Dateien</Filter>
    </ClInclude>
    <ClInclude Include="..\Filestream.h">
      <Filter>Header-Dateien</Filter>
    </ClInclude>
    <ClInclude Include="FillASIs.h">
      <Filter>Header-Dateien</Filter>
    </ClInclude>
    <ClInclude Include="..\Finalizer.h">
      <Filter>Header-Dateien</Filter>
    </ClInclude>
    <ClInclude Include="fopenutf8.h">
      <Filter>Header-Dateien</Filter>
    </ClInclude>
    <ClInclude Include="..\FormatInt64.h">
      <Filter>Header-Dateien</Filter>
    </ClInclude>
    <ClInclude Include="FormatText.h">
      <Filter>Header-Dateien</Filter>
    </ClInclude>
    <ClInclude Include="..\FormatTime.h">
      <Filter>Header-Dateien</Filter>
    </ClInclude>
    <ClInclude Include="Global.h">
      <Filter>Header-Dateien</Filter>
    </ClInclude>
    <ClInclude Include="HexViewListBox.h">
      <Filter>Header-Dateien</Filter>
    </ClInclude>
    <ClInclude Include="..\IBitStream.h">
      <Filter>Header-Dateien</Filter>
    </ClInclude>
    <ClInclude Include="IncResource.h">
      <Filter>Header-Dateien</Filter>
    </ClInclude>
    <ClInclude Include="..\ITitleSet.h">
      <Filter>Header-Dateien</Filter>
    </ClInclude>
    <ClInclude Include="LanguageCodes.h">
      <Filter>Header-Dateien</Filter>
    </ClInclude>
    <ClInclude Include="Languages.h">
      <Filter>Header-Dateien</Filter>
    </ClInclude>
    <ClInclude Include="MessageBoxHelper.h">
      <Filter>Header-Dateien</Filter>
    </ClInclude>
    <ClInclude Include="MessageLists.h">
      <Filter>Header-Dateien</Filter>
    </ClInclude>
    <ClInclude Include="Mode2Form2Reader.h">
      <Filter>Header-Dateien</Filter>
    </ClInclude>
    <ClInclude Include="..\multimedia_source.h">
      <Filter>Header-Dateien</Filter>
    </ClInclude>
    <ClInclude Include="Muxing.h">
      <Filter>Header-Dateien</Filter>
    </ClInclude>
    <ClInclude Include="OGGFile.h">
      <Filter>Header-Dateien</Filter>
    </ClInclude>
    <ClInclude Include="OSVersion.h">
      <Filter>Header-Dateien</Filter>
    </ClInclude>
    <ClInclude Include="..\..\common\Path.h">
      <Filter>Header-Dateien</Filter>
    </ClInclude>
    <ClInclude Include="ProgressList.h">
      <Filter>Header-Dateien</Filter>
    </ClInclude>
    <ClInclude Include="ProtocolListCtrl.h">
      <Filter>Header-Dateien</Filter>
    </ClInclude>
    <ClInclude Include="ResizeableDialog.h">
      <Filter>Header-Dateien</Filter>
    </ClInclude>
    <ClInclude Include="resource.h">
      <Filter>Header-Dateien</Filter>
    </ClInclude>
    <ClInclude Include="RIFFChunkTreeDlg.h">
      <Filter>Header-Dateien</Filter>
    </ClInclude>
    <ClInclude Include="RIFFFile.h">
      <Filter>Header-Dateien</Filter>
    </ClInclude>
    <ClInclude Include="SetFramerateDlg.h">
      <Filter>Header-Dateien</Filter>
    </ClInclude>
    <ClInclude Include="SetMainAVIHeaderFlagsDlg.h">
      <Filter>Header-Dateien</Filter>
    </ClInclude>
    <ClInclude Include="SetStoreFileOptionsDlg.h">
      <Filter>Header-Dateien</Filter>
    </ClInclude>
    <ClInclude Include="Silence.h">
      <Filter>Header-Dateien</Filter>
    </ClInclude>
    <ClInclude Include="SourceFileListBox.h">
      <Filter>Header-Dateien</Filter>
    </ClInclude>
    <ClInclude Include="SplitPointList.h">
      <Filter>Header-Dateien</Filter>
    </ClInclude>
    <ClInclude Include="SplitPointsDlg.h">
      <Filter>Header-Dateien</Filter>
    </ClInclude>
    <ClInclude Include="StdAfx.h">
      <Filter>Header-Dateien</Filter>
    </ClInclude>
    <ClInclude Include="..\Strings.h">
      <Filter>Header-Dateien</Filter>
    </ClInclude>
    <ClInclude Include="SubTitles.h">
      <Filter>Header-Dateien</Filter>
    </ClInclude>
    <ClInclude Include="TABHandler.h">
      <Filter>Header-Dateien</Filter>
    </ClInclude>
    <ClInclude Include="..\Tags.h">
      <Filter>Header-Dateien</Filter>
    </ClInclude>
    <ClInclude Include="..\..\Common\TextFiles.h">
      <Filter>Header-Dateien</Filter>
    </ClInclude>
    <ClInclude Include="..\TitleSet.h">
      <Filter>Header-Dateien</Filter>
    </ClInclude>
    <ClInclude Include="TransformFilter.h">
      <Filter>Header-Dateien</Filter>
    </ClInclude>
    <ClInclude Include="Trees.h">
      <Filter>Header-Dateien</Filter>
    </ClInclude>
    <ClInclude Include="..\Types.h">
      <Filter>Header-Dateien</Filter>
    </ClInclude>
    <ClInclude Include="UnicodeBase.h">
      <Filter>Header-Dateien</Filter>
    </ClInclude>
    <ClInclude Include="..\UnicodeCalls.h">
      <Filter>Header-Dateien</Filter>
    </ClInclude>
    <ClInclude Include="UnicodeListControl.h">
      <Filter>Header-Dateien</Filter>
    </ClInclude>
    <ClInclude Include="UnicodeTreeCtrl.h">
      <Filter>Header-Dateien</Filter>
    </ClInclude>
    <ClInclude Include="..\utf-8.h">
      <Filter>Header-Dateien</Filter>
    </ClInclude>
    <ClInclude Include="UTF8Windows.h">
      <Filter>Header-Dateien</Filter>
    </ClInclude>
    <ClInclude Include="Version.h">
      <Filter>Header-Dateien</Filter>
    </ClInclude>
    <ClInclude Include="VideoInformationDlg.h">
      <Filter>Header-Dateien</Filter>
    </ClInclude>
    <ClInclude Include="VideoInformationDlgListbox.h">
      <Filter>Header-Dateien</Filter>
    </ClInclude>
    <ClInclude Include="VideoInformationDlgTypes.h">
      <Filter>Header-Dateien</Filter>
    </ClInclude>
    <ClInclude Include="WAVFile.h">
      <Filter>Header-Dateien</Filter>
    </ClInclude>
    <ClInclude Include="WindowHelper.h">
      <Filter>Header-Dateien</Filter>
    </ClInclude>
    <ClInclude Include="..\XML.H">
      <Filter>Header-Dateien</Filter>
    </ClInclude>
    <ClInclude Include="XMLFiles.h">
      <Filter>Header-Dateien</Filter>
    </ClInclude>
    <ClInclude Include="AudioSource.h">
      <Filter>Header-Dateien\Audio - Source - Headers</Filter>
    </ClInclude>
    <ClInclude Include="AudioSource_AAC.h">
      <Filter>Header-Dateien\Audio - Source - Headers</Filter>
    </ClInclude>
    <ClInclude Include="AudioSource_AC3.h">
      <Filter>Header-Dateien\Audio - Source - Headers</Filter>
    </ClInclude>
    <ClInclude Include="AudioSource_AVI.h">
      <Filter>Header-Dateien\Audio - Source - Headers</Filter>
    </ClInclude>
    <ClInclude Include="AudioSource_binary.h">
      <Filter>Header-Dateien\Audio - Source - Headers</Filter>
    </ClInclude>
    <ClInclude Include="AudioSource_DTS.h">
      <Filter>Header-Dateien\Audio - Source - Headers</Filter>
    </ClInclude>
    <ClInclude Include="AudioSource_generic.h">
      <Filter>Header-Dateien\Audio - Source - Headers</Filter>
    </ClInclude>
    <ClInclude Include="AudioSource_List.h">
      <Filter>Header-Dateien\Audio - Source - Headers</Filter>
    </ClInclude>
    <ClInclude Include="AudioSource_Matroska.h">
      <Filter>Header-Dateien\Audio - Source - Headers</Filter>
    </ClInclude>
    <ClInclude Include="AudioSource_MP3.h">
      <Filter>Header-Dateien\Audio - Source - Headers</Filter>
    </ClInclude>
    <ClInclude Include="AudioSource_Vorbis.h">
      <Filter>Header-Dateien\Audio - Source - Headers</Filter>
    </ClInclude>
    <ClInclude Include="AudioSource_WAV.h">
      <Filter>Header-Dateien\Audio - Source - Headers</Filter>
    </ClInclude>
    <ClInclude Include="VideoSource.h">
      <Filter>Header-Dateien\Video - Source - Headers</Filter>
    </ClInclude>
    <ClInclude Include="VideoSource_AVI.h">
      <Filter>Header-Dateien\Video - Source - Headers</Filter>
    </ClInclude>
    <ClInclude Include="VideoSource_generic.h">
      <Filter>Header-Dateien\Video - Source - Headers</Filter>
    </ClInclude>
    <ClInclude Include="VideoSource_List.h">
      <Filter>Header-Dateien\Video - Source - Headers</Filter>
    </ClInclude>
    <ClInclude Include="VideoSource_Matroska.h">
      <Filter>Header-Dateien\Video - Source - Headers</Filter>
    </ClInclude>
    <ClInclude Include="AC3FrameCountEdit.h">
      <Filter>Header-Dateien\Edit - Field - Headers</Filter>
    </ClInclude>
    <ClInclude Include="ChapterSegmentUIDEdit.h">
      <Filter>Header-Dateien\Edit - Field - Headers</Filter>
    </ClInclude>
    <ClInclude Include="ClusterTimeEdit.h">
      <Filter>Header-Dateien\Edit - Field - Headers</Filter>
    </ClInclude>
    <ClInclude Include="MKVAC3FrameCountEdit.h">
      <Filter>Header-Dateien\Edit - Field - Headers</Filter>
    </ClInclude>
    <ClInclude Include="MKVHeaderSizeEdit.h">
      <Filter>Header-Dateien\Edit - Field - Headers</Filter>
    </ClInclude>
    <ClInclude Include="ResolutionEdit.h">
      <Filter>Header-Dateien\Edit - Field - Headers</Filter>
    </ClInclude>
    <ClInclude Include="UserDrawEdit.h">
      <Filter>Header-Dateien\Edit - Field - Headers</Filter>
    </ClInclude>
    <ClInclude Include="VerifyEdit.h">
      <Filter>Header-Dateien\Edit - Field - Headers</Filter>
    </ClInclude>
    <ClInclude Include="AVIFile.h">
      <Filter>Header-Dateien\AVI - Stuff - Headers</Filter>
    </ClInclude>
    <ClInclude Include="AVIIndices.h">
      <Filter>Header-Dateien\AVI - Stuff - Headers</Filter>
    </ClInclude>
    <ClInclude Include="AVIStream.h">
      <Filter>Header-Dateien\AVI - Stuff - Headers</Filter>
    </ClInclude>
    <ClInclude Include="AVIStructs.h">
      <Filter>Header-Dateien\AVI - Stuff - Headers</Filter>
    </ClInclude>
    <ClInclude Include="..\EBML.H">
      <Filter>Header-Dateien\Matroska - Header</Filter>
    </ClInclude>
    <ClInclude Include="..\EBML_IDs.h">
      <Filter>Header-Dateien\Matroska - Header</Filter>
    </ClInclude>
    <ClInclude Include="..\EBML_matroska.h">
      <Filter>Header-Dateien\Matroska - Header</Filter>
    </ClInclude>
    <ClInclude Include="..\Integers.h">
      <Filter>Header-Dateien\Matroska - Header</Filter>
    </ClInclude>
    <ClInclude Include="..\Matroska.h">
      <Filter>Header-Dateien\Matroska - Header</Filter>
    </ClInclude>
    <ClInclude Include="..\Matroska_Block.h">
      <Filter>Header-Dateien\Matroska - Header</Filter>
    </ClInclude>
    <ClInclude Include="..\Matroska_Clusters.h">
      <Filter>Header-Dateien\Matroska - Header</Filter>
    </ClInclude>
    <ClInclude Include="..\Matroska_IDs.h">
      <Filter>Header-Dateien\Matroska - Header</Filter>
    </ClInclude>
    <ClInclude Include="..\Matroska_Segment.h">
      <Filter>Header-Dateien\Matroska - Header</Filter>
    </ClInclude>
    <ClInclude Include="..\Matroska_writing.h">
      <Filter>Header-Dateien\Matroska - Header</Filter>
    </ClInclude>
    <ClInclude Include="..\Queue.h">
      <Filter>Header-Dateien\Matroska - Header</Filter>
    </ClInclude>
    <ClInclude Include="..\UID.h">
      <Filter>Header-Dateien\Matroska - Header</Filter>
    </ClInclude>
    <ClInclude Include="..\Warnings.h">
      <Filter>Header-Dateien\Matroska - Header</Filter>
    </ClInclude>
  </ItemGroup>
  <ItemGroup>
    <None Include="res\AVIMux_GUI.ico">
      <Filter>Ressourcendateien</Filter>
    </None>
    <None Include="res_deu\res\AVIMux_GUI.ico">
      <Filter>Ressourcendateien</Filter>
    </None>
    <None Include="res_eng\res\AVIMux_GUI.ico">
      <Filter>Ressourcendateien</Filter>
    </None>
    <None Include="res\bitmap1.bmp">
      <Filter>Ressourcendateien</Filter>
    </None>
    <None Include="HexViewListBox.htm" />
    <None Include="ReadMe.txt" />
  </ItemGroup>
  <ItemGroup>
    <CustomBuild Include="..\fastintops.asm" />
  </ItemGroup>
</Project>